// !$*UTF8*$!
{
	archiveVersion = 1;
	classes = {
	};
	objectVersion = 48;
	objects = {

/* Begin PBXBuildFile section */
		2A5C4B7E1FEAC139000AA770 /* GeneticFileIO.swift in Sources */ = {isa = PBXBuildFile; fileRef = 2A5C4B7D1FEAC139000AA770 /* GeneticFileIO.swift */; };
		2A5C4B801FEAC147000AA770 /* GeneticFileIOTest.swift in Sources */ = {isa = PBXBuildFile; fileRef = 2A5C4B7F1FEAC147000AA770 /* GeneticFileIOTest.swift */; };
		2A6C213D1FE9928700E7E588 /* AppDelegate.swift in Sources */ = {isa = PBXBuildFile; fileRef = 2A6C213C1FE9928700E7E588 /* AppDelegate.swift */; };
		2A6C213F1FE9928700E7E588 /* ViewController.swift in Sources */ = {isa = PBXBuildFile; fileRef = 2A6C213E1FE9928700E7E588 /* ViewController.swift */; };
		2A6C21411FE9928700E7E588 /* Assets.xcassets in Resources */ = {isa = PBXBuildFile; fileRef = 2A6C21401FE9928700E7E588 /* Assets.xcassets */; };
		2A6C21441FE9928700E7E588 /* Main.storyboard in Resources */ = {isa = PBXBuildFile; fileRef = 2A6C21421FE9928700E7E588 /* Main.storyboard */; };
		2A6C21501FE9928700E7E588 /* dyerlabTests.swift in Sources */ = {isa = PBXBuildFile; fileRef = 2A6C214F1FE9928700E7E588 /* dyerlabTests.swift */; };
		2A6C215B1FE9928700E7E588 /* dyerlabUITests.swift in Sources */ = {isa = PBXBuildFile; fileRef = 2A6C215A1FE9928700E7E588 /* dyerlabUITests.swift */; };
		2A6C216D1FE992E300E7E588 /* AlleleFrequencies.swift in Sources */ = {isa = PBXBuildFile; fileRef = 2A6C21681FE992E200E7E588 /* AlleleFrequencies.swift */; };
		2A6C216E1FE992E300E7E588 /* Individual.swift in Sources */ = {isa = PBXBuildFile; fileRef = 2A6C21691FE992E200E7E588 /* Individual.swift */; };
		2A6C216F1FE992E300E7E588 /* Locus.swift in Sources */ = {isa = PBXBuildFile; fileRef = 2A6C216A1FE992E200E7E588 /* Locus.swift */; };
		2A6C21701FE992E300E7E588 /* AMOVA.swift in Sources */ = {isa = PBXBuildFile; fileRef = 2A6C216B1FE992E200E7E588 /* AMOVA.swift */; };
		2A6C21711FE992E300E7E588 /* Population.swift in Sources */ = {isa = PBXBuildFile; fileRef = 2A6C216C1FE992E200E7E588 /* Population.swift */; };
		2A6C217A1FE9930000E7E588 /* IndividualTest.swift in Sources */ = {isa = PBXBuildFile; fileRef = 2A6C21721FE992F600E7E588 /* IndividualTest.swift */; };
		2A6C217B1FE9930000E7E588 /* AMOVATest.swift in Sources */ = {isa = PBXBuildFile; fileRef = 2A6C21731FE992F600E7E588 /* AMOVATest.swift */; };
		2A6C217C1FE9930000E7E588 /* AlleleFrequeniesTest.swift in Sources */ = {isa = PBXBuildFile; fileRef = 2A6C21751FE992F700E7E588 /* AlleleFrequeniesTest.swift */; };
		2A6C217D1FE9930600E7E588 /* LocusTest.swift in Sources */ = {isa = PBXBuildFile; fileRef = 2A6C21741FE992F700E7E588 /* LocusTest.swift */; };
		2A6C21811FE9933D00E7E588 /* Vector.swift in Sources */ = {isa = PBXBuildFile; fileRef = 2A6C217F1FE9933D00E7E588 /* Vector.swift */; };
		2A6C21821FE9933D00E7E588 /* Matrix.swift in Sources */ = {isa = PBXBuildFile; fileRef = 2A6C21801FE9933D00E7E588 /* Matrix.swift */; };
		2A6C21851FE9953A00E7E588 /* IndividualDistances.swift in Sources */ = {isa = PBXBuildFile; fileRef = 2A6C21841FE9953A00E7E588 /* IndividualDistances.swift */; };
		2A7E15EF1FEC0556003C5C9B /* arapat.csv in Resources */ = {isa = PBXBuildFile; fileRef = 2A7E15EE1FEC0556003C5C9B /* arapat.csv */; };
		2AA26B181FEE90960030EA9F /* MainWindowController.swift in Sources */ = {isa = PBXBuildFile; fileRef = 2AA26B171FEE90960030EA9F /* MainWindowController.swift */; };
		2AFDB83F1FEADDBD00D6B628 /* GeneticTableViewController.swift in Sources */ = {isa = PBXBuildFile; fileRef = 2AFDB83E1FEADDBD00D6B628 /* GeneticTableViewController.swift */; };
/* End PBXBuildFile section */

/* Begin PBXContainerItemProxy section */
		2A6C214C1FE9928700E7E588 /* PBXContainerItemProxy */ = {
			isa = PBXContainerItemProxy;
			containerPortal = 2A6C21311FE9928700E7E588 /* Project object */;
			proxyType = 1;
			remoteGlobalIDString = 2A6C21381FE9928700E7E588;
			remoteInfo = dyerlab;
		};
		2A6C21571FE9928700E7E588 /* PBXContainerItemProxy */ = {
			isa = PBXContainerItemProxy;
			containerPortal = 2A6C21311FE9928700E7E588 /* Project object */;
			proxyType = 1;
			remoteGlobalIDString = 2A6C21381FE9928700E7E588;
			remoteInfo = dyerlab;
		};
/* End PBXContainerItemProxy section */

/* Begin PBXFileReference section */
		2A5C4B7D1FEAC139000AA770 /* GeneticFileIO.swift */ = {isa = PBXFileReference; fileEncoding = 4; lastKnownFileType = sourcecode.swift; path = GeneticFileIO.swift; sourceTree = "<group>"; };
		2A5C4B7F1FEAC147000AA770 /* GeneticFileIOTest.swift */ = {isa = PBXFileReference; fileEncoding = 4; lastKnownFileType = sourcecode.swift; path = GeneticFileIOTest.swift; sourceTree = "<group>"; };
		2A6C21391FE9928700E7E588 /* dyerlab.app */ = {isa = PBXFileReference; explicitFileType = wrapper.application; includeInIndex = 0; path = dyerlab.app; sourceTree = BUILT_PRODUCTS_DIR; };
		2A6C213C1FE9928700E7E588 /* AppDelegate.swift */ = {isa = PBXFileReference; lastKnownFileType = sourcecode.swift; path = AppDelegate.swift; sourceTree = "<group>"; };
		2A6C213E1FE9928700E7E588 /* ViewController.swift */ = {isa = PBXFileReference; lastKnownFileType = sourcecode.swift; path = ViewController.swift; sourceTree = "<group>"; };
		2A6C21401FE9928700E7E588 /* Assets.xcassets */ = {isa = PBXFileReference; lastKnownFileType = folder.assetcatalog; path = Assets.xcassets; sourceTree = "<group>"; };
		2A6C21431FE9928700E7E588 /* Base */ = {isa = PBXFileReference; lastKnownFileType = file.storyboard; name = Base; path = Base.lproj/Main.storyboard; sourceTree = "<group>"; };
		2A6C21451FE9928700E7E588 /* Info.plist */ = {isa = PBXFileReference; lastKnownFileType = text.plist.xml; path = Info.plist; sourceTree = "<group>"; };
		2A6C21461FE9928700E7E588 /* dyerlab.entitlements */ = {isa = PBXFileReference; lastKnownFileType = text.plist.entitlements; path = dyerlab.entitlements; sourceTree = "<group>"; };
		2A6C214B1FE9928700E7E588 /* dyerlabTests.xctest */ = {isa = PBXFileReference; explicitFileType = wrapper.cfbundle; includeInIndex = 0; path = dyerlabTests.xctest; sourceTree = BUILT_PRODUCTS_DIR; };
		2A6C214F1FE9928700E7E588 /* dyerlabTests.swift */ = {isa = PBXFileReference; lastKnownFileType = sourcecode.swift; path = dyerlabTests.swift; sourceTree = "<group>"; };
		2A6C21511FE9928700E7E588 /* Info.plist */ = {isa = PBXFileReference; lastKnownFileType = text.plist.xml; path = Info.plist; sourceTree = "<group>"; };
		2A6C21561FE9928700E7E588 /* dyerlabUITests.xctest */ = {isa = PBXFileReference; explicitFileType = wrapper.cfbundle; includeInIndex = 0; path = dyerlabUITests.xctest; sourceTree = BUILT_PRODUCTS_DIR; };
		2A6C215A1FE9928700E7E588 /* dyerlabUITests.swift */ = {isa = PBXFileReference; lastKnownFileType = sourcecode.swift; path = dyerlabUITests.swift; sourceTree = "<group>"; };
		2A6C215C1FE9928800E7E588 /* Info.plist */ = {isa = PBXFileReference; lastKnownFileType = text.plist.xml; path = Info.plist; sourceTree = "<group>"; };
		2A6C21681FE992E200E7E588 /* AlleleFrequencies.swift */ = {isa = PBXFileReference; fileEncoding = 4; lastKnownFileType = sourcecode.swift; path = AlleleFrequencies.swift; sourceTree = "<group>"; };
		2A6C21691FE992E200E7E588 /* Individual.swift */ = {isa = PBXFileReference; fileEncoding = 4; lastKnownFileType = sourcecode.swift; path = Individual.swift; sourceTree = "<group>"; };
		2A6C216A1FE992E200E7E588 /* Locus.swift */ = {isa = PBXFileReference; fileEncoding = 4; lastKnownFileType = sourcecode.swift; path = Locus.swift; sourceTree = "<group>"; };
		2A6C216B1FE992E200E7E588 /* AMOVA.swift */ = {isa = PBXFileReference; fileEncoding = 4; lastKnownFileType = sourcecode.swift; path = AMOVA.swift; sourceTree = "<group>"; };
		2A6C216C1FE992E200E7E588 /* Population.swift */ = {isa = PBXFileReference; fileEncoding = 4; lastKnownFileType = sourcecode.swift; path = Population.swift; sourceTree = "<group>"; };
		2A6C21721FE992F600E7E588 /* IndividualTest.swift */ = {isa = PBXFileReference; fileEncoding = 4; lastKnownFileType = sourcecode.swift; path = IndividualTest.swift; sourceTree = "<group>"; };
		2A6C21731FE992F600E7E588 /* AMOVATest.swift */ = {isa = PBXFileReference; fileEncoding = 4; lastKnownFileType = sourcecode.swift; path = AMOVATest.swift; sourceTree = "<group>"; };
		2A6C21741FE992F700E7E588 /* LocusTest.swift */ = {isa = PBXFileReference; fileEncoding = 4; lastKnownFileType = sourcecode.swift; path = LocusTest.swift; sourceTree = "<group>"; };
		2A6C21751FE992F700E7E588 /* AlleleFrequeniesTest.swift */ = {isa = PBXFileReference; fileEncoding = 4; lastKnownFileType = sourcecode.swift; path = AlleleFrequeniesTest.swift; sourceTree = "<group>"; };
		2A6C217F1FE9933D00E7E588 /* Vector.swift */ = {isa = PBXFileReference; fileEncoding = 4; lastKnownFileType = sourcecode.swift; path = Vector.swift; sourceTree = "<group>"; };
		2A6C21801FE9933D00E7E588 /* Matrix.swift */ = {isa = PBXFileReference; fileEncoding = 4; lastKnownFileType = sourcecode.swift; path = Matrix.swift; sourceTree = "<group>"; };
		2A6C21841FE9953A00E7E588 /* IndividualDistances.swift */ = {isa = PBXFileReference; lastKnownFileType = sourcecode.swift; path = IndividualDistances.swift; sourceTree = "<group>"; };
		2A7E15EE1FEC0556003C5C9B /* arapat.csv */ = {isa = PBXFileReference; fileEncoding = 4; lastKnownFileType = text; path = arapat.csv; sourceTree = "<group>"; };
		2AA26B171FEE90960030EA9F /* MainWindowController.swift */ = {isa = PBXFileReference; lastKnownFileType = sourcecode.swift; path = MainWindowController.swift; sourceTree = "<group>"; };
		2AFDB83E1FEADDBD00D6B628 /* GeneticTableViewController.swift */ = {isa = PBXFileReference; lastKnownFileType = sourcecode.swift; path = GeneticTableViewController.swift; sourceTree = "<group>"; };
/* End PBXFileReference section */

/* Begin PBXFrameworksBuildPhase section */
		2A6C21361FE9928700E7E588 /* Frameworks */ = {
			isa = PBXFrameworksBuildPhase;
			buildActionMask = 2147483647;
			files = (
			);
			runOnlyForDeploymentPostprocessing = 0;
		};
		2A6C21481FE9928700E7E588 /* Frameworks */ = {
			isa = PBXFrameworksBuildPhase;
			buildActionMask = 2147483647;
			files = (
			);
			runOnlyForDeploymentPostprocessing = 0;
		};
		2A6C21531FE9928700E7E588 /* Frameworks */ = {
			isa = PBXFrameworksBuildPhase;
			buildActionMask = 2147483647;
			files = (
			);
			runOnlyForDeploymentPostprocessing = 0;
		};
/* End PBXFrameworksBuildPhase section */

/* Begin PBXGroup section */
		2A6C21301FE9928700E7E588 = {
			isa = PBXGroup;
			children = (
				2A6C213B1FE9928700E7E588 /* dyerlab */,
				2A6C214E1FE9928700E7E588 /* dyerlabTests */,
				2A6C21591FE9928700E7E588 /* dyerlabUITests */,
				2A6C213A1FE9928700E7E588 /* Products */,
			);
			sourceTree = "<group>";
		};
		2A6C213A1FE9928700E7E588 /* Products */ = {
			isa = PBXGroup;
			children = (
				2A6C21391FE9928700E7E588 /* dyerlab.app */,
				2A6C214B1FE9928700E7E588 /* dyerlabTests.xctest */,
				2A6C21561FE9928700E7E588 /* dyerlabUITests.xctest */,
			);
			name = Products;
			sourceTree = "<group>";
		};
		2A6C213B1FE9928700E7E588 /* dyerlab */ = {
			isa = PBXGroup;
			children = (
				2A6C21831FE9934200E7E588 /* Matrices */,
				2A6C217E1FE9931300E7E588 /* Genetics */,
				2A6C213C1FE9928700E7E588 /* AppDelegate.swift */,
				2A6C213E1FE9928700E7E588 /* ViewController.swift */,
				2A6C21401FE9928700E7E588 /* Assets.xcassets */,
				2A6C21421FE9928700E7E588 /* Main.storyboard */,
				2AA26B171FEE90960030EA9F /* MainWindowController.swift */,
				2AFDB83E1FEADDBD00D6B628 /* GeneticTableViewController.swift */,
				2A6C21451FE9928700E7E588 /* Info.plist */,
				2A6C21461FE9928700E7E588 /* dyerlab.entitlements */,
				2A7E15EE1FEC0556003C5C9B /* arapat.csv */,
			);
			path = dyerlab;
			sourceTree = "<group>";
		};
		2A6C214E1FE9928700E7E588 /* dyerlabTests */ = {
			isa = PBXGroup;
			children = (
				2A5C4B7F1FEAC147000AA770 /* GeneticFileIOTest.swift */,
				2A6C21741FE992F700E7E588 /* LocusTest.swift */,
				2A6C21751FE992F700E7E588 /* AlleleFrequeniesTest.swift */,
				2A6C21731FE992F600E7E588 /* AMOVATest.swift */,
				2A6C21721FE992F600E7E588 /* IndividualTest.swift */,
				2A6C214F1FE9928700E7E588 /* dyerlabTests.swift */,
				2A6C21511FE9928700E7E588 /* Info.plist */,
			);
			path = dyerlabTests;
			sourceTree = "<group>";
		};
		2A6C21591FE9928700E7E588 /* dyerlabUITests */ = {
			isa = PBXGroup;
			children = (
				2A6C215A1FE9928700E7E588 /* dyerlabUITests.swift */,
				2A6C215C1FE9928800E7E588 /* Info.plist */,
			);
			path = dyerlabUITests;
			sourceTree = "<group>";
		};
		2A6C217E1FE9931300E7E588 /* Genetics */ = {
			isa = PBXGroup;
			children = (
				2A5C4B7D1FEAC139000AA770 /* GeneticFileIO.swift */,
				2A6C21681FE992E200E7E588 /* AlleleFrequencies.swift */,
				2A6C216B1FE992E200E7E588 /* AMOVA.swift */,
				2A6C21691FE992E200E7E588 /* Individual.swift */,
				2A6C216A1FE992E200E7E588 /* Locus.swift */,
				2A6C216C1FE992E200E7E588 /* Population.swift */,
				2A6C21841FE9953A00E7E588 /* IndividualDistances.swift */,
			);
			path = Genetics;
			sourceTree = "<group>";
		};
		2A6C21831FE9934200E7E588 /* Matrices */ = {
			isa = PBXGroup;
			children = (
				2A6C21801FE9933D00E7E588 /* Matrix.swift */,
				2A6C217F1FE9933D00E7E588 /* Vector.swift */,
			);
			path = Matrices;
			sourceTree = "<group>";
		};
/* End PBXGroup section */

/* Begin PBXNativeTarget section */
		2A6C21381FE9928700E7E588 /* dyerlab */ = {
			isa = PBXNativeTarget;
			buildConfigurationList = 2A6C215F1FE9928800E7E588 /* Build configuration list for PBXNativeTarget "dyerlab" */;
			buildPhases = (
				2A6C21351FE9928700E7E588 /* Sources */,
				2A6C21361FE9928700E7E588 /* Frameworks */,
				2A6C21371FE9928700E7E588 /* Resources */,
			);
			buildRules = (
			);
			dependencies = (
			);
			name = dyerlab;
			productName = dyerlab;
			productReference = 2A6C21391FE9928700E7E588 /* dyerlab.app */;
			productType = "com.apple.product-type.application";
		};
		2A6C214A1FE9928700E7E588 /* dyerlabTests */ = {
			isa = PBXNativeTarget;
			buildConfigurationList = 2A6C21621FE9928800E7E588 /* Build configuration list for PBXNativeTarget "dyerlabTests" */;
			buildPhases = (
				2A6C21471FE9928700E7E588 /* Sources */,
				2A6C21481FE9928700E7E588 /* Frameworks */,
				2A6C21491FE9928700E7E588 /* Resources */,
			);
			buildRules = (
			);
			dependencies = (
				2A6C214D1FE9928700E7E588 /* PBXTargetDependency */,
			);
			name = dyerlabTests;
			productName = dyerlabTests;
			productReference = 2A6C214B1FE9928700E7E588 /* dyerlabTests.xctest */;
			productType = "com.apple.product-type.bundle.unit-test";
		};
		2A6C21551FE9928700E7E588 /* dyerlabUITests */ = {
			isa = PBXNativeTarget;
			buildConfigurationList = 2A6C21651FE9928800E7E588 /* Build configuration list for PBXNativeTarget "dyerlabUITests" */;
			buildPhases = (
				2A6C21521FE9928700E7E588 /* Sources */,
				2A6C21531FE9928700E7E588 /* Frameworks */,
				2A6C21541FE9928700E7E588 /* Resources */,
			);
			buildRules = (
			);
			dependencies = (
				2A6C21581FE9928700E7E588 /* PBXTargetDependency */,
			);
			name = dyerlabUITests;
			productName = dyerlabUITests;
			productReference = 2A6C21561FE9928700E7E588 /* dyerlabUITests.xctest */;
			productType = "com.apple.product-type.bundle.ui-testing";
		};
/* End PBXNativeTarget section */

/* Begin PBXProject section */
		2A6C21311FE9928700E7E588 /* Project object */ = {
			isa = PBXProject;
			attributes = {
				LastSwiftUpdateCheck = 0920;
				LastUpgradeCheck = 0920;
				ORGANIZATIONNAME = "Rodney Dyer";
				TargetAttributes = {
					2A6C21381FE9928700E7E588 = {
						CreatedOnToolsVersion = 9.2;
						ProvisioningStyle = Automatic;
					};
					2A6C214A1FE9928700E7E588 = {
						CreatedOnToolsVersion = 9.2;
						ProvisioningStyle = Automatic;
						TestTargetID = 2A6C21381FE9928700E7E588;
					};
					2A6C21551FE9928700E7E588 = {
						CreatedOnToolsVersion = 9.2;
						ProvisioningStyle = Automatic;
						TestTargetID = 2A6C21381FE9928700E7E588;
					};
				};
			};
			buildConfigurationList = 2A6C21341FE9928700E7E588 /* Build configuration list for PBXProject "dyerlab" */;
			compatibilityVersion = "Xcode 8.0";
			developmentRegion = en;
			hasScannedForEncodings = 0;
			knownRegions = (
				en,
				Base,
			);
			mainGroup = 2A6C21301FE9928700E7E588;
			productRefGroup = 2A6C213A1FE9928700E7E588 /* Products */;
			projectDirPath = "";
			projectRoot = "";
			targets = (
				2A6C21381FE9928700E7E588 /* dyerlab */,
				2A6C214A1FE9928700E7E588 /* dyerlabTests */,
				2A6C21551FE9928700E7E588 /* dyerlabUITests */,
			);
		};
/* End PBXProject section */

/* Begin PBXResourcesBuildPhase section */
		2A6C21371FE9928700E7E588 /* Resources */ = {
			isa = PBXResourcesBuildPhase;
			buildActionMask = 2147483647;
			files = (
				2A6C21411FE9928700E7E588 /* Assets.xcassets in Resources */,
				2A7E15EF1FEC0556003C5C9B /* arapat.csv in Resources */,
				2A6C21441FE9928700E7E588 /* Main.storyboard in Resources */,
			);
			runOnlyForDeploymentPostprocessing = 0;
		};
		2A6C21491FE9928700E7E588 /* Resources */ = {
			isa = PBXResourcesBuildPhase;
			buildActionMask = 2147483647;
			files = (
			);
			runOnlyForDeploymentPostprocessing = 0;
		};
		2A6C21541FE9928700E7E588 /* Resources */ = {
			isa = PBXResourcesBuildPhase;
			buildActionMask = 2147483647;
			files = (
			);
			runOnlyForDeploymentPostprocessing = 0;
		};
/* End PBXResourcesBuildPhase section */

/* Begin PBXSourcesBuildPhase section */
		2A6C21351FE9928700E7E588 /* Sources */ = {
			isa = PBXSourcesBuildPhase;
			buildActionMask = 2147483647;
			files = (
				2A6C21701FE992E300E7E588 /* AMOVA.swift in Sources */,
				2A5C4B7E1FEAC139000AA770 /* GeneticFileIO.swift in Sources */,
				2AA26B181FEE90960030EA9F /* MainWindowController.swift in Sources */,
				2A6C216F1FE992E300E7E588 /* Locus.swift in Sources */,
				2A6C21821FE9933D00E7E588 /* Matrix.swift in Sources */,
				2A6C21811FE9933D00E7E588 /* Vector.swift in Sources */,
				2A6C216E1FE992E300E7E588 /* Individual.swift in Sources */,
				2AFDB83F1FEADDBD00D6B628 /* GeneticTableViewController.swift in Sources */,
				2A6C21711FE992E300E7E588 /* Population.swift in Sources */,
				2A6C216D1FE992E300E7E588 /* AlleleFrequencies.swift in Sources */,
				2A6C213F1FE9928700E7E588 /* ViewController.swift in Sources */,
				2A6C213D1FE9928700E7E588 /* AppDelegate.swift in Sources */,
				2A6C21851FE9953A00E7E588 /* IndividualDistances.swift in Sources */,
			);
			runOnlyForDeploymentPostprocessing = 0;
		};
		2A6C21471FE9928700E7E588 /* Sources */ = {
			isa = PBXSourcesBuildPhase;
			buildActionMask = 2147483647;
			files = (
				2A6C217A1FE9930000E7E588 /* IndividualTest.swift in Sources */,
				2A6C217B1FE9930000E7E588 /* AMOVATest.swift in Sources */,
				2A6C21501FE9928700E7E588 /* dyerlabTests.swift in Sources */,
				2A6C217C1FE9930000E7E588 /* AlleleFrequeniesTest.swift in Sources */,
				2A6C217D1FE9930600E7E588 /* LocusTest.swift in Sources */,
				2A5C4B801FEAC147000AA770 /* GeneticFileIOTest.swift in Sources */,
			);
			runOnlyForDeploymentPostprocessing = 0;
		};
		2A6C21521FE9928700E7E588 /* Sources */ = {
			isa = PBXSourcesBuildPhase;
			buildActionMask = 2147483647;
			files = (
				2A6C215B1FE9928700E7E588 /* dyerlabUITests.swift in Sources */,
			);
			runOnlyForDeploymentPostprocessing = 0;
		};
/* End PBXSourcesBuildPhase section */

/* Begin PBXTargetDependency section */
		2A6C214D1FE9928700E7E588 /* PBXTargetDependency */ = {
			isa = PBXTargetDependency;
			target = 2A6C21381FE9928700E7E588 /* dyerlab */;
			targetProxy = 2A6C214C1FE9928700E7E588 /* PBXContainerItemProxy */;
		};
		2A6C21581FE9928700E7E588 /* PBXTargetDependency */ = {
			isa = PBXTargetDependency;
			target = 2A6C21381FE9928700E7E588 /* dyerlab */;
			targetProxy = 2A6C21571FE9928700E7E588 /* PBXContainerItemProxy */;
		};
/* End PBXTargetDependency section */

/* Begin PBXVariantGroup section */
		2A6C21421FE9928700E7E588 /* Main.storyboard */ = {
			isa = PBXVariantGroup;
			children = (
				2A6C21431FE9928700E7E588 /* Base */,
			);
			name = Main.storyboard;
			sourceTree = "<group>";
		};
/* End PBXVariantGroup section */

/* Begin XCBuildConfiguration section */
		2A6C215D1FE9928800E7E588 /* Debug */ = {
			isa = XCBuildConfiguration;
			buildSettings = {
				ALWAYS_SEARCH_USER_PATHS = NO;
				CLANG_ANALYZER_NONNULL = YES;
				CLANG_ANALYZER_NUMBER_OBJECT_CONVERSION = YES_AGGRESSIVE;
				CLANG_CXX_LANGUAGE_STANDARD = "gnu++14";
				CLANG_CXX_LIBRARY = "libc++";
				CLANG_ENABLE_MODULES = YES;
				CLANG_ENABLE_OBJC_ARC = YES;
				CLANG_WARN_BLOCK_CAPTURE_AUTORELEASING = YES;
				CLANG_WARN_BOOL_CONVERSION = YES;
				CLANG_WARN_COMMA = YES;
				CLANG_WARN_CONSTANT_CONVERSION = YES;
				CLANG_WARN_DIRECT_OBJC_ISA_USAGE = YES_ERROR;
				CLANG_WARN_DOCUMENTATION_COMMENTS = YES;
				CLANG_WARN_EMPTY_BODY = YES;
				CLANG_WARN_ENUM_CONVERSION = YES;
				CLANG_WARN_INFINITE_RECURSION = YES;
				CLANG_WARN_INT_CONVERSION = YES;
				CLANG_WARN_NON_LITERAL_NULL_CONVERSION = YES;
				CLANG_WARN_OBJC_LITERAL_CONVERSION = YES;
				CLANG_WARN_OBJC_ROOT_CLASS = YES_ERROR;
				CLANG_WARN_RANGE_LOOP_ANALYSIS = YES;
				CLANG_WARN_STRICT_PROTOTYPES = YES;
				CLANG_WARN_SUSPICIOUS_MOVE = YES;
				CLANG_WARN_UNGUARDED_AVAILABILITY = YES_AGGRESSIVE;
				CLANG_WARN_UNREACHABLE_CODE = YES;
				CLANG_WARN__DUPLICATE_METHOD_MATCH = YES;
				CODE_SIGN_IDENTITY = "Mac Developer";
				COPY_PHASE_STRIP = NO;
				DEBUG_INFORMATION_FORMAT = dwarf;
				ENABLE_STRICT_OBJC_MSGSEND = YES;
				ENABLE_TESTABILITY = YES;
				GCC_C_LANGUAGE_STANDARD = gnu11;
				GCC_DYNAMIC_NO_PIC = NO;
				GCC_NO_COMMON_BLOCKS = YES;
				GCC_OPTIMIZATION_LEVEL = 0;
				GCC_PREPROCESSOR_DEFINITIONS = (
					"DEBUG=1",
					"$(inherited)",
				);
				GCC_WARN_64_TO_32_BIT_CONVERSION = YES;
				GCC_WARN_ABOUT_RETURN_TYPE = YES_ERROR;
				GCC_WARN_UNDECLARED_SELECTOR = YES;
				GCC_WARN_UNINITIALIZED_AUTOS = YES_AGGRESSIVE;
				GCC_WARN_UNUSED_FUNCTION = YES;
				GCC_WARN_UNUSED_VARIABLE = YES;
				MACOSX_DEPLOYMENT_TARGET = 10.13;
				MTL_ENABLE_DEBUG_INFO = YES;
				ONLY_ACTIVE_ARCH = YES;
				SDKROOT = macosx;
				SWIFT_ACTIVE_COMPILATION_CONDITIONS = DEBUG;
				SWIFT_OPTIMIZATION_LEVEL = "-Onone";
			};
			name = Debug;
		};
		2A6C215E1FE9928800E7E588 /* Release */ = {
			isa = XCBuildConfiguration;
			buildSettings = {
				ALWAYS_SEARCH_USER_PATHS = NO;
				CLANG_ANALYZER_NONNULL = YES;
				CLANG_ANALYZER_NUMBER_OBJECT_CONVERSION = YES_AGGRESSIVE;
				CLANG_CXX_LANGUAGE_STANDARD = "gnu++14";
				CLANG_CXX_LIBRARY = "libc++";
				CLANG_ENABLE_MODULES = YES;
				CLANG_ENABLE_OBJC_ARC = YES;
				CLANG_WARN_BLOCK_CAPTURE_AUTORELEASING = YES;
				CLANG_WARN_BOOL_CONVERSION = YES;
				CLANG_WARN_COMMA = YES;
				CLANG_WARN_CONSTANT_CONVERSION = YES;
				CLANG_WARN_DIRECT_OBJC_ISA_USAGE = YES_ERROR;
				CLANG_WARN_DOCUMENTATION_COMMENTS = YES;
				CLANG_WARN_EMPTY_BODY = YES;
				CLANG_WARN_ENUM_CONVERSION = YES;
				CLANG_WARN_INFINITE_RECURSION = YES;
				CLANG_WARN_INT_CONVERSION = YES;
				CLANG_WARN_NON_LITERAL_NULL_CONVERSION = YES;
				CLANG_WARN_OBJC_LITERAL_CONVERSION = YES;
				CLANG_WARN_OBJC_ROOT_CLASS = YES_ERROR;
				CLANG_WARN_RANGE_LOOP_ANALYSIS = YES;
				CLANG_WARN_STRICT_PROTOTYPES = YES;
				CLANG_WARN_SUSPICIOUS_MOVE = YES;
				CLANG_WARN_UNGUARDED_AVAILABILITY = YES_AGGRESSIVE;
				CLANG_WARN_UNREACHABLE_CODE = YES;
				CLANG_WARN__DUPLICATE_METHOD_MATCH = YES;
				CODE_SIGN_IDENTITY = "Mac Developer";
				COPY_PHASE_STRIP = NO;
				DEBUG_INFORMATION_FORMAT = "dwarf-with-dsym";
				ENABLE_NS_ASSERTIONS = NO;
				ENABLE_STRICT_OBJC_MSGSEND = YES;
				GCC_C_LANGUAGE_STANDARD = gnu11;
				GCC_NO_COMMON_BLOCKS = YES;
				GCC_WARN_64_TO_32_BIT_CONVERSION = YES;
				GCC_WARN_ABOUT_RETURN_TYPE = YES_ERROR;
				GCC_WARN_UNDECLARED_SELECTOR = YES;
				GCC_WARN_UNINITIALIZED_AUTOS = YES_AGGRESSIVE;
				GCC_WARN_UNUSED_FUNCTION = YES;
				GCC_WARN_UNUSED_VARIABLE = YES;
				MACOSX_DEPLOYMENT_TARGET = 10.13;
				MTL_ENABLE_DEBUG_INFO = NO;
				SDKROOT = macosx;
				SWIFT_OPTIMIZATION_LEVEL = "-Owholemodule";
			};
			name = Release;
		};
		2A6C21601FE9928800E7E588 /* Debug */ = {
			isa = XCBuildConfiguration;
			buildSettings = {
				ASSETCATALOG_COMPILER_APPICON_NAME = AppIcon;
				CODE_SIGN_ENTITLEMENTS = dyerlab/dyerlab.entitlements;
				CODE_SIGN_STYLE = Automatic;
				COMBINE_HIDPI_IMAGES = YES;
				DEVELOPMENT_TEAM = 626QFAP74Z;
				INFOPLIST_FILE = dyerlab/Info.plist;
				LD_RUNPATH_SEARCH_PATHS = "$(inherited) @executable_path/../Frameworks";
				PRODUCT_BUNDLE_IDENTIFIER = com.dyerlab.dyerlab;
				PRODUCT_NAME = "$(TARGET_NAME)";
				SWIFT_VERSION = 4.0;
			};
			name = Debug;
		};
		2A6C21611FE9928800E7E588 /* Release */ = {
			isa = XCBuildConfiguration;
			buildSettings = {
				ASSETCATALOG_COMPILER_APPICON_NAME = AppIcon;
				CODE_SIGN_ENTITLEMENTS = dyerlab/dyerlab.entitlements;
				CODE_SIGN_STYLE = Automatic;
				COMBINE_HIDPI_IMAGES = YES;
				DEVELOPMENT_TEAM = 626QFAP74Z;
				INFOPLIST_FILE = dyerlab/Info.plist;
				LD_RUNPATH_SEARCH_PATHS = "$(inherited) @executable_path/../Frameworks";
				PRODUCT_BUNDLE_IDENTIFIER = com.dyerlab.dyerlab;
				PRODUCT_NAME = "$(TARGET_NAME)";
				SWIFT_VERSION = 4.0;
			};
			name = Release;
		};
		2A6C21631FE9928800E7E588 /* Debug */ = {
			isa = XCBuildConfiguration;
			buildSettings = {
				ALWAYS_EMBED_SWIFT_STANDARD_LIBRARIES = YES;
				BUNDLE_LOADER = "$(TEST_HOST)";
				CODE_SIGN_STYLE = Automatic;
				COMBINE_HIDPI_IMAGES = YES;
				DEVELOPMENT_TEAM = 626QFAP74Z;
				INFOPLIST_FILE = dyerlabTests/Info.plist;
				LD_RUNPATH_SEARCH_PATHS = "$(inherited) @executable_path/../Frameworks @loader_path/../Frameworks";
				PRODUCT_BUNDLE_IDENTIFIER = com.dyerlab.dyerlabTests;
				PRODUCT_NAME = "$(TARGET_NAME)";
				SWIFT_VERSION = 4.0;
				TEST_HOST = "$(BUILT_PRODUCTS_DIR)/dyerlab.app/Contents/MacOS/dyerlab";
			};
			name = Debug;
		};
		2A6C21641FE9928800E7E588 /* Release */ = {
			isa = XCBuildConfiguration;
			buildSettings = {
				ALWAYS_EMBED_SWIFT_STANDARD_LIBRARIES = YES;
				BUNDLE_LOADER = "$(TEST_HOST)";
				CODE_SIGN_STYLE = Automatic;
				COMBINE_HIDPI_IMAGES = YES;
				DEVELOPMENT_TEAM = 626QFAP74Z;
				INFOPLIST_FILE = dyerlabTests/Info.plist;
				LD_RUNPATH_SEARCH_PATHS = "$(inherited) @executable_path/../Frameworks @loader_path/../Frameworks";
				PRODUCT_BUNDLE_IDENTIFIER = com.dyerlab.dyerlabTests;
				PRODUCT_NAME = "$(TARGET_NAME)";
				SWIFT_VERSION = 4.0;
				TEST_HOST = "$(BUILT_PRODUCTS_DIR)/dyerlab.app/Contents/MacOS/dyerlab";
			};
			name = Release;
		};
		2A6C21661FE9928800E7E588 /* Debug */ = {
			isa = XCBuildConfiguration;
			buildSettings = {
				ALWAYS_EMBED_SWIFT_STANDARD_LIBRARIES = YES;
				CODE_SIGN_STYLE = Automatic;
				COMBINE_HIDPI_IMAGES = YES;
				DEVELOPMENT_TEAM = 626QFAP74Z;
				INFOPLIST_FILE = dyerlabUITests/Info.plist;
				LD_RUNPATH_SEARCH_PATHS = "$(inherited) @executable_path/../Frameworks @loader_path/../Frameworks";
				PRODUCT_BUNDLE_IDENTIFIER = com.dyerlab.dyerlabUITests;
				PRODUCT_NAME = "$(TARGET_NAME)";
				SWIFT_VERSION = 4.0;
				TEST_TARGET_NAME = dyerlab;
			};
			name = Debug;
		};
		2A6C21671FE9928800E7E588 /* Release */ = {
			isa = XCBuildConfiguration;
			buildSettings = {
				ALWAYS_EMBED_SWIFT_STANDARD_LIBRARIES = YES;
				CODE_SIGN_STYLE = Automatic;
				COMBINE_HIDPI_IMAGES = YES;
				DEVELOPMENT_TEAM = 626QFAP74Z;
				INFOPLIST_FILE = dyerlabUITests/Info.plist;
				LD_RUNPATH_SEARCH_PATHS = "$(inherited) @executable_path/../Frameworks @loader_path/../Frameworks";
				PRODUCT_BUNDLE_IDENTIFIER = com.dyerlab.dyerlabUITests;
				PRODUCT_NAME = "$(TARGET_NAME)";
				SWIFT_VERSION = 4.0;
				TEST_TARGET_NAME = dyerlab;
			};
			name = Release;
		};
/* End XCBuildConfiguration section */

/* Begin XCConfigurationList section */
		2A6C21341FE9928700E7E588 /* Build configuration list for PBXProject "dyerlab" */ = {
			isa = XCConfigurationList;
			buildConfigurations = (
				2A6C215D1FE9928800E7E588 /* Debug */,
				2A6C215E1FE9928800E7E588 /* Release */,
			);
			defaultConfigurationIsVisible = 0;
			defaultConfigurationName = Release;
		};
		2A6C215F1FE9928800E7E588 /* Build configuration list for PBXNativeTarget "dyerlab" */ = {
			isa = XCConfigurationList;
			buildConfigurations = (
				2A6C21601FE9928800E7E588 /* Debug */,
				2A6C21611FE9928800E7E588 /* Release */,
			);
			defaultConfigurationIsVisible = 0;
			defaultConfigurationName = Release;
		};
		2A6C21621FE9928800E7E588 /* Build configuration list for PBXNativeTarget "dyerlabTests" */ = {
			isa = XCConfigurationList;
			buildConfigurations = (
				2A6C21631FE9928800E7E588 /* Debug */,
				2A6C21641FE9928800E7E588 /* Release */,
			);
			defaultConfigurationIsVisible = 0;
			defaultConfigurationName = Release;
		};
		2A6C21651FE9928800E7E588 /* Build configuration list for PBXNativeTarget "dyerlabUITests" */ = {
			isa = XCConfigurationList;
			buildConfigurations = (
				2A6C21661FE9928800E7E588 /* Debug */,
				2A6C21671FE9928800E7E588 /* Release */,
			);
			defaultConfigurationIsVisible = 0;
			defaultConfigurationName = Release;
		};
/* End XCConfigurationList section */
	};
	rootObject = 2A6C21311FE9928700E7E588 /* Project object */;
}
